
Microsoft Visual Studio Solution File, Format Version 12.00
# Visual Studio 15
VisualStudioVersion = 15.0.28307.271
MinimumVisualStudioVersion = 10.0.40219.1
Project("{FAE04EC0-301F-11D3-BF4B-00C04F79EFBC}") = "Lab1", "Lab1\Lab1.csproj", "{50790464-9DB1-4E17-A599-B2EDE6ED1483}"
EndProject
Global
	GlobalSection(SolutionConfigurationPlatforms) = preSolution
		Debug|Any CPU = Debug|Any CPU
		Release|Any CPU = Release|Any CPU
	EndGlobalSection
	GlobalSection(ProjectConfigurationPlatforms) = postSolution
		{50790464-9DB1-4E17-A599-B2EDE6ED1483}.Debug|Any CPU.ActiveCfg = Debug|Any CPU
		{50790464-9DB1-4E17-A599-B2EDE6ED1483}.Debug|Any CPU.Build.0 = Debug|Any CPU
		{50790464-9DB1-4E17-A599-B2EDE6ED1483}.Release|Any CPU.ActiveCfg = Release|Any CPU
		{50790464-9DB1-4E17-A599-B2EDE6ED1483}.Release|Any CPU.Build.0 = Release|Any CPU
	EndGlobalSection
	GlobalSection(SolutionProperties) = preSolution
		HideSolutionNode = FALSE
	EndGlobalSection
	GlobalSection(ExtensibilityGlobals) = postSolution
		SolutionGuid = {2C5170BB-078F-4EFB-955E-501583E36A5D}
	EndGlobalSection
EndGlobal
